<?xml version="1.0" encoding="utf-8"?>
<Project ToolsVersion="4.0" xmlns="http://schemas.microsoft.com/developer/msbuild/2003">
  <ItemGroup>
    <Filter Include="Resource Files">
      <UniqueIdentifier>{67DA6AB6-F800-4c08-8B7A-83BB121AAD01}</UniqueIdentifier>
      <Extensions>rc;ico;cur;bmp;dlg;rc2;rct;bin;rgs;gif;jpg;jpeg;jpe;resx;tiff;tif;png;wav;mfcribbon-ms</Extensions>
    </Filter>
    <Filter Include="Sketch">
      <UniqueIdentifier>{dde8a988-ff01-405d-9dcf-0e5407a67af9}</UniqueIdentifier>
    </Filter>
    <Filter Include="Support">
      <UniqueIdentifier>{838a364f-d2b4-4a51-aa54-b3be230886dd}</UniqueIdentifier>
    </Filter>
  </ItemGroup>
  <ItemGroup>
    <ClCompile Include="EEPROM.cpp">
      <Filter>Support</Filter>
    </ClCompile>
    <ClCompile Include="Simulator.cpp">
      <Filter>Support</Filter>
    </ClCompile>
    <ClCompile Include="Arduino.cpp">
      <Filter>Support</Filter>
    </ClCompile>
    <ClCompile Include="..\..\UziFirmware\ArrayReader.cpp">
      <Filter>Sketch</Filter>
    </ClCompile>
    <ClCompile Include="..\..\UziFirmware\EEPROMReader.cpp">
      <Filter>Sketch</Filter>
    </ClCompile>
    <ClCompile Include="..\..\UziFirmware\EEPROMWriter.cpp">
      <Filter>Sketch</Filter>
    </ClCompile>
    <ClCompile Include="..\..\UziFirmware\Program.cpp">
      <Filter>Sketch</Filter>
    </ClCompile>
    <ClCompile Include="..\..\UziFirmware\Reader.cpp">
      <Filter>Sketch</Filter>
    </ClCompile>
    <ClCompile Include="..\..\UziFirmware\Script.cpp">
      <Filter>Sketch</Filter>
    </ClCompile>
    <ClCompile Include="..\..\UziFirmware\SerialReader.cpp">
      <Filter>Sketch</Filter>
    </ClCompile>
    <ClCompile Include="..\..\UziFirmware\StackArray.cpp">
      <Filter>Sketch</Filter>
    </ClCompile>
    <ClCompile Include="..\..\UziFirmware\VM.cpp">
      <Filter>Sketch</Filter>
    </ClCompile>
    <ClCompile Include="..\..\UziFirmware\UziFirmware.ino">
      <Filter>Sketch</Filter>
    </ClCompile>
    <ClCompile Include="..\..\UziFirmware\GPIO.cpp">
      <Filter>Sketch</Filter>
    </ClCompile>
    <ClCompile Include="..\..\UziFirmware\EEPROMWearLevelingReader.cpp">
      <Filter>Sketch</Filter>
    </ClCompile>
    <ClCompile Include="..\..\UziFirmware\EEPROMWearLevelingWriter.cpp">
      <Filter>Sketch</Filter>
    </ClCompile>
    <ClCompile Include="Servo.cpp">
      <Filter>Support</Filter>
    </ClCompile>
    <ClCompile Include="..\..\UziFirmware\Coroutine.cpp">
      <Filter>Sketch</Filter>
    </ClCompile>
    <ClCompile Include="..\..\UziFirmware\Instruction.cpp">
      <Filter>Sketch</Filter>
    </ClCompile>
  </ItemGroup>
  <ItemGroup>
    <ClInclude Include="EEPROM.h">
      <Filter>Support</Filter>
    </ClInclude>
    <ClInclude Include="Simulator.h">
      <Filter>Support</Filter>
    </ClInclude>
    <ClInclude Include="Arduino.h">
      <Filter>Support</Filter>
    </ClInclude>
    <ClInclude Include="..\..\UziFirmware\ArrayReader.h">
      <Filter>Sketch</Filter>
    </ClInclude>
    <ClInclude Include="..\..\UziFirmware\EEPROMReader.h">
      <Filter>Sketch</Filter>
    </ClInclude>
    <ClInclude Include="..\..\UziFirmware\EEPROMWriter.h">
      <Filter>Sketch</Filter>
    </ClInclude>
    <ClInclude Include="..\..\UziFirmware\Program.h">
      <Filter>Sketch</Filter>
    </ClInclude>
    <ClInclude Include="..\..\UziFirmware\Reader.h">
      <Filter>Sketch</Filter>
    </ClInclude>
    <ClInclude Include="..\..\UziFirmware\Script.h">
      <Filter>Sketch</Filter>
    </ClInclude>
    <ClInclude Include="..\..\UziFirmware\SerialReader.h">
      <Filter>Sketch</Filter>
    </ClInclude>
    <ClInclude Include="..\..\UziFirmware\StackArray.h">
      <Filter>Sketch</Filter>
    </ClInclude>
    <ClInclude Include="..\..\UziFirmware\VM.h">
      <Filter>Sketch</Filter>
    </ClInclude>
    <ClInclude Include="..\..\UziFirmware\GPIO.h">
      <Filter>Sketch</Filter>
    </ClInclude>
    <ClInclude Include="..\..\UziFirmware\EEPROMWearLevelingReader.h">
      <Filter>Sketch</Filter>
    </ClInclude>
    <ClInclude Include="..\..\UziFirmware\EEPROMWearLevelingWriter.h">
      <Filter>Sketch</Filter>
    </ClInclude>
    <ClInclude Include="..\..\UziFirmware\EEPROMUtils.h">
      <Filter>Sketch</Filter>
    </ClInclude>
    <ClInclude Include="Servo.h">
      <Filter>Support</Filter>
    </ClInclude>
    <ClInclude Include="..\..\UziFirmware\types.h">
      <Filter>Sketch</Filter>
    </ClInclude>
    <ClInclude Include="..\..\UziFirmware\Coroutine.h">
      <Filter>Sketch</Filter>
    </ClInclude>
    <ClInclude Include="..\..\UziFirmware\Instruction.h">
      <Filter>Sketch</Filter>
    </ClInclude>
  </ItemGroup>
</Project>