
Microsoft Visual Studio Solution File, Format Version 12.00
# Visual Studio 14
VisualStudioVersion = 14.0.25420.1
MinimumVisualStudioVersion = 10.0.40219.1
Project("{8BC9CEB8-8B4A-11D0-8D11-00A0C91BC942}") = "Sketch", "Sketch\Sketch.vcxproj", "{D5E5E4E2-AF59-43F8-A603-51B3B3EDCFE9}"
EndProject
Project("{FAE04EC0-301F-11D3-BF4B-00C04F79EFBC}") = "Simulator", "Simulator\Simulator.csproj", "{E1EF049B-39BE-4A63-AE81-AD34E6FFF8E3}"
EndProject
Project("{FAE04EC0-301F-11D3-BF4B-00C04F79EFBC}") = "SimulatorTest", "SimulatorTest\SimulatorTest.csproj", "{030EC286-FEDA-4BD1-AB52-F6CDE067CCFE}"
EndProject
Global
	GlobalSection(SolutionConfigurationPlatforms) = preSolution
		Debug|Any CPU = Debug|Any CPU
		Debug|x64 = Debug|x64
		Debug|x86 = Debug|x86
		Release|Any CPU = Release|Any CPU
		Release|x64 = Release|x64
		Release|x86 = Release|x86
	EndGlobalSection
	GlobalSection(ProjectConfigurationPlatforms) = postSolution
		{D5E5E4E2-AF59-43F8-A603-51B3B3EDCFE9}.Debug|Any CPU.ActiveCfg = Debug|Win32
		{D5E5E4E2-AF59-43F8-A603-51B3B3EDCFE9}.Debug|Any CPU.Build.0 = Debug|Win32
		{D5E5E4E2-AF59-43F8-A603-51B3B3EDCFE9}.Debug|x64.ActiveCfg = Debug|x64
		{D5E5E4E2-AF59-43F8-A603-51B3B3EDCFE9}.Debug|x64.Build.0 = Debug|x64
		{D5E5E4E2-AF59-43F8-A603-51B3B3EDCFE9}.Debug|x86.ActiveCfg = Debug|Win32
		{D5E5E4E2-AF59-43F8-A603-51B3B3EDCFE9}.Debug|x86.Build.0 = Debug|Win32
		{D5E5E4E2-AF59-43F8-A603-51B3B3EDCFE9}.Release|Any CPU.ActiveCfg = Release|Win32
		{D5E5E4E2-AF59-43F8-A603-51B3B3EDCFE9}.Release|x64.ActiveCfg = Release|x64
		{D5E5E4E2-AF59-43F8-A603-51B3B3EDCFE9}.Release|x64.Build.0 = Release|x64
		{D5E5E4E2-AF59-43F8-A603-51B3B3EDCFE9}.Release|x86.ActiveCfg = Release|Win32
		{D5E5E4E2-AF59-43F8-A603-51B3B3EDCFE9}.Release|x86.Build.0 = Release|Win32
		{E1EF049B-39BE-4A63-AE81-AD34E6FFF8E3}.Debug|Any CPU.ActiveCfg = Debug|x86
		{E1EF049B-39BE-4A63-AE81-AD34E6FFF8E3}.Debug|Any CPU.Build.0 = Debug|x86
		{E1EF049B-39BE-4A63-AE81-AD34E6FFF8E3}.Debug|x64.ActiveCfg = Debug|x86
		{E1EF049B-39BE-4A63-AE81-AD34E6FFF8E3}.Debug|x86.ActiveCfg = Debug|x86
		{E1EF049B-39BE-4A63-AE81-AD34E6FFF8E3}.Debug|x86.Build.0 = Debug|x86
		{E1EF049B-39BE-4A63-AE81-AD34E6FFF8E3}.Release|Any CPU.ActiveCfg = Release|x86
		{E1EF049B-39BE-4A63-AE81-AD34E6FFF8E3}.Release|x64.ActiveCfg = Release|x86
		{E1EF049B-39BE-4A63-AE81-AD34E6FFF8E3}.Release|x86.ActiveCfg = Release|x86
		{E1EF049B-39BE-4A63-AE81-AD34E6FFF8E3}.Release|x86.Build.0 = Release|x86
		{030EC286-FEDA-4BD1-AB52-F6CDE067CCFE}.Debug|Any CPU.ActiveCfg = Debug|Any CPU
		{030EC286-FEDA-4BD1-AB52-F6CDE067CCFE}.Debug|Any CPU.Build.0 = Debug|Any CPU
		{030EC286-FEDA-4BD1-AB52-F6CDE067CCFE}.Debug|x64.ActiveCfg = Debug|Any CPU
		{030EC286-FEDA-4BD1-AB52-F6CDE067CCFE}.Debug|x64.Build.0 = Debug|Any CPU
		{030EC286-FEDA-4BD1-AB52-F6CDE067CCFE}.Debug|x86.ActiveCfg = Debug|x86
		{030EC286-FEDA-4BD1-AB52-F6CDE067CCFE}.Debug|x86.Build.0 = Debug|x86
		{030EC286-FEDA-4BD1-AB52-F6CDE067CCFE}.Release|Any CPU.ActiveCfg = Release|Any CPU
		{030EC286-FEDA-4BD1-AB52-F6CDE067CCFE}.Release|Any CPU.Build.0 = Release|Any CPU
		{030EC286-FEDA-4BD1-AB52-F6CDE067CCFE}.Release|x64.ActiveCfg = Release|Any CPU
		{030EC286-FEDA-4BD1-AB52-F6CDE067CCFE}.Release|x64.Build.0 = Release|Any CPU
		{030EC286-FEDA-4BD1-AB52-F6CDE067CCFE}.Release|x86.ActiveCfg = Release|Any CPU
		{030EC286-FEDA-4BD1-AB52-F6CDE067CCFE}.Release|x86.Build.0 = Release|Any CPU
	EndGlobalSection
	GlobalSection(SolutionProperties) = preSolution
		HideSolutionNode = FALSE
	EndGlobalSection
EndGlobal
